{
  "name": "js-api",
  "lockfileVersion": 2,
  "requires": true,
  "packages": {
    "": {
      "dependencies": {
        "cytoscape": "^3.21.1"
      }
    },
    "node_modules/cytoscape": {
      "version": "3.21.1",
      "resolved": "https://registry.npmjs.org/cytoscape/-/cytoscape-3.21.1.tgz",
      "integrity": "sha512-mxdxCzuGHOMSWHUFO+/ZQPeMNtJAm81LGzdwP02LhT592ZRfHWCvHUY++HpnSjg/SgrKg1CMqegY/HvYLUS1qg==",
      "dependencies": {
        "heap": "^0.2.6",
        "lodash.debounce": "^4.0.8",
        "lodash.get": "^4.4.2",
        "lodash.set": "^4.3.2",
        "lodash.topath": "^4.5.2"
      },
      "engines": {
        "node": ">=0.10"
      }
    },
    "node_modules/heap": {
      "version": "0.2.7",
      "resolved": "https://registry.npmjs.org/heap/-/heap-0.2.7.tgz",
      "integrity": "sha512-2bsegYkkHO+h/9MGbn6KWcE45cHZgPANo5LXF7EvWdT0yT2EguSVO1nDgU5c8+ZOPwp2vMNa7YFsJhVcDR9Sdg=="
    },
    "node_modules/lodash.debounce": {
      "version": "4.0.8",
      "resolved": "https://registry.npmjs.org/lodash.debounce/-/lodash.debounce-4.0.8.tgz",
      "integrity": "sha1-gteb/zCmfEAF/9XiUVMArZyk168="
    },
    "node_modules/lodash.get": {
      "version": "4.4.2",
      "resolved": "https://registry.npmjs.org/lodash.get/-/lodash.get-4.4.2.tgz",
      "integrity": "sha1-LRd/ZS+jHpObRDjVNBSZ36OCXpk="
    },
    "node_modules/lodash.set": {
      "version": "4.3.2",
      "resolved": "https://registry.npmjs.org/lodash.set/-/lodash.set-4.3.2.tgz",
      "integrity": "sha1-2HV7HagH3eJIFrDWqEvqGnYjCyM="
    },
    "node_modules/lodash.topath": {
      "version": "4.5.2",
      "resolved": "https://registry.npmjs.org/lodash.topath/-/lodash.topath-4.5.2.tgz",
      "integrity": "sha1-NhY1Hzu6YZlKCTGYlmC9AyVP0Ak="
    }
  },
  "dependencies": {
    "cytoscape": {
      "version": "3.21.1",
      "resolved": "https://registry.npmjs.org/cytoscape/-/cytoscape-3.21.1.tgz",
      "integrity": "sha512-mxdxCzuGHOMSWHUFO+/ZQPeMNtJAm81LGzdwP02LhT592ZRfHWCvHUY++HpnSjg/SgrKg1CMqegY/HvYLUS1qg==",
      "requires": {
        "heap": "^0.2.6",
        "lodash.debounce": "^4.0.8",
        "lodash.get": "^4.4.2",
        "lodash.set": "^4.3.2",
        "lodash.topath": "^4.5.2"
      }
    },
    "heap": {
      "version": "0.2.7",
      "resolved": "https://registry.npmjs.org/heap/-/heap-0.2.7.tgz",
      "integrity": "sha512-2bsegYkkHO+h/9MGbn6KWcE45cHZgPANo5LXF7EvWdT0yT2EguSVO1nDgU5c8+ZOPwp2vMNa7YFsJhVcDR9Sdg=="
    },
    "lodash.debounce": {
      "version": "4.0.8",
      "resolved": "https://registry.npmjs.org/lodash.debounce/-/lodash.debounce-4.0.8.tgz",
      "integrity": "sha1-gteb/zCmfEAF/9XiUVMArZyk168="
    },
    "lodash.get": {
      "version": "4.4.2",
      "resolved": "https://registry.npmjs.org/lodash.get/-/lodash.get-4.4.2.tgz",
      "integrity": "sha1-LRd/ZS+jHpObRDjVNBSZ36OCXpk="
    },
    "lodash.set": {
      "version": "4.3.2",
      "resolved": "https://registry.npmjs.org/lodash.set/-/lodash.set-4.3.2.tgz",
      "integrity": "sha1-2HV7HagH3eJIFrDWqEvqGnYjCyM="
    },
    "lodash.topath": {
      "version": "4.5.2",
      "resolved": "https://registry.npmjs.org/lodash.topath/-/lodash.topath-4.5.2.tgz",
      "integrity": "sha1-NhY1Hzu6YZlKCTGYlmC9AyVP0Ak="
    }
  }
}
